
Microsoft Visual Studio Solution File, Format Version 12.00
# Visual Studio Version 17
VisualStudioVersion = 17.4.33122.133
MinimumVisualStudioVersion = 10.0.40219.1
Project("{FAE04EC0-301F-11D3-BF4B-00C04F79EFBC}") = "Aplikasi Kontak dengan Database", "Aplikasi Kontak dengan Database\Aplikasi Kontak dengan Database.csproj", "{309DCA7D-CE55-4902-A302-57F5ECCB3E5E}"
EndProject
Global
	GlobalSection(SolutionConfigurationPlatforms) = preSolution
		Debug|Any CPU = Debug|Any CPU
		Release|Any CPU = Release|Any CPU
	EndGlobalSection
	GlobalSection(ProjectConfigurationPlatforms) = postSolution
		{309DCA7D-CE55-4902-A302-57F5ECCB3E5E}.Debug|Any CPU.ActiveCfg = Debug|Any CPU
		{309DCA7D-CE55-4902-A302-57F5ECCB3E5E}.Debug|Any CPU.Build.0 = Debug|Any CPU
		{309DCA7D-CE55-4902-A302-57F5ECCB3E5E}.Release|Any CPU.ActiveCfg = Release|Any CPU
		{309DCA7D-CE55-4902-A302-57F5ECCB3E5E}.Release|Any CPU.Build.0 = Release|Any CPU
	EndGlobalSection
	GlobalSection(SolutionProperties) = preSolution
		HideSolutionNode = FALSE
	EndGlobalSection
	GlobalSection(ExtensibilityGlobals) = postSolution
		SolutionGuid = {BFDFDB67-77AC-4C6F-9E87-C472DDFE96EE}
	EndGlobalSection
EndGlobal
